// !$*UTF8*$!
{
	archiveVersion = 1;
	classes = {
	};
	objectVersion = 50;
	objects = {

/* Begin PBXBuildFile section */
		074D01E020F88B9600628C48 /* ViewController1.swift in Sources */ = {isa = PBXBuildFile; fileRef = 074D01DF20F88B9500628C48 /* ViewController1.swift */; };
		074D020220F8C46700628C48 /* ViewController2.swift in Sources */ = {isa = PBXBuildFile; fileRef = 074D020120F8C46700628C48 /* ViewController2.swift */; };
		074D020420F8EC7100628C48 /* SpotifyProfileController.swift in Sources */ = {isa = PBXBuildFile; fileRef = 074D020320F8EC7100628C48 /* SpotifyProfileController.swift */; };
		074D020620F909F800628C48 /* HeaderView.swift in Sources */ = {isa = PBXBuildFile; fileRef = 074D020520F909F800628C48 /* HeaderView.swift */; };
		074D020820F90A0E00628C48 /* SegmentedView.swift in Sources */ = {isa = PBXBuildFile; fileRef = 074D020720F90A0E00628C48 /* SegmentedView.swift */; };
		074D022820F9AE1F00628C48 /* UIColor+Additions.swift in Sources */ = {isa = PBXBuildFile; fileRef = 074D022720F9AE1F00628C48 /* UIColor+Additions.swift */; };
		074D022A20F9B0B600628C48 /* TopMostView.swift in Sources */ = {isa = PBXBuildFile; fileRef = 074D022920F9B0B600628C48 /* TopMostView.swift */; };
		C6B87AE820F7692B0034615E /* AppDelegate.swift in Sources */ = {isa = PBXBuildFile; fileRef = C6B87AE720F7692B0034615E /* AppDelegate.swift */; };
		C6B87AEA20F7692B0034615E /* ViewController.swift in Sources */ = {isa = PBXBuildFile; fileRef = C6B87AE920F7692B0034615E /* ViewController.swift */; };
		C6B87AEF20F769370034615E /* Assets.xcassets in Resources */ = {isa = PBXBuildFile; fileRef = C6B87AEE20F769370034615E /* Assets.xcassets */; };
		C6B87AF220F769370034615E /* LaunchScreen.storyboard in Resources */ = {isa = PBXBuildFile; fileRef = C6B87AF020F769370034615E /* LaunchScreen.storyboard */; };
/* End PBXBuildFile section */

/* Begin PBXFileReference section */
		074D01DF20F88B9500628C48 /* ViewController1.swift */ = {isa = PBXFileReference; lastKnownFileType = sourcecode.swift; path = ViewController1.swift; sourceTree = "<group>"; };
		074D020120F8C46700628C48 /* ViewController2.swift */ = {isa = PBXFileReference; lastKnownFileType = sourcecode.swift; path = ViewController2.swift; sourceTree = "<group>"; };
		074D020320F8EC7100628C48 /* SpotifyProfileController.swift */ = {isa = PBXFileReference; lastKnownFileType = sourcecode.swift; path = SpotifyProfileController.swift; sourceTree = "<group>"; };
		074D020520F909F800628C48 /* HeaderView.swift */ = {isa = PBXFileReference; lastKnownFileType = sourcecode.swift; path = HeaderView.swift; sourceTree = "<group>"; };
		074D020720F90A0E00628C48 /* SegmentedView.swift */ = {isa = PBXFileReference; lastKnownFileType = sourcecode.swift; path = SegmentedView.swift; sourceTree = "<group>"; };
		074D022720F9AE1F00628C48 /* UIColor+Additions.swift */ = {isa = PBXFileReference; fileEncoding = 4; lastKnownFileType = sourcecode.swift; path = "UIColor+Additions.swift"; sourceTree = "<group>"; };
		074D022920F9B0B600628C48 /* TopMostView.swift */ = {isa = PBXFileReference; lastKnownFileType = sourcecode.swift; path = TopMostView.swift; sourceTree = "<group>"; };
		C6B87AE420F7692B0034615E /* LayoutAnchor.app */ = {isa = PBXFileReference; explicitFileType = wrapper.application; includeInIndex = 0; path = LayoutAnchor.app; sourceTree = BUILT_PRODUCTS_DIR; };
		C6B87AE720F7692B0034615E /* AppDelegate.swift */ = {isa = PBXFileReference; lastKnownFileType = sourcecode.swift; path = AppDelegate.swift; sourceTree = "<group>"; };
		C6B87AE920F7692B0034615E /* ViewController.swift */ = {isa = PBXFileReference; lastKnownFileType = sourcecode.swift; path = ViewController.swift; sourceTree = "<group>"; };
		C6B87AEE20F769370034615E /* Assets.xcassets */ = {isa = PBXFileReference; lastKnownFileType = folder.assetcatalog; path = Assets.xcassets; sourceTree = "<group>"; };
		C6B87AF120F769370034615E /* Base */ = {isa = PBXFileReference; lastKnownFileType = file.storyboard; name = Base; path = Base.lproj/LaunchScreen.storyboard; sourceTree = "<group>"; };
		C6B87AF320F769370034615E /* Info.plist */ = {isa = PBXFileReference; lastKnownFileType = text.plist.xml; path = Info.plist; sourceTree = "<group>"; };
/* End PBXFileReference section */

/* Begin PBXFrameworksBuildPhase section */
		C6B87AE120F7692B0034615E /* Frameworks */ = {
			isa = PBXFrameworksBuildPhase;
			buildActionMask = 2147483647;
			files = (
			);
			runOnlyForDeploymentPostprocessing = 0;
		};
/* End PBXFrameworksBuildPhase section */

/* Begin PBXGroup section */
		C6B87ADB20F7692B0034615E = {
			isa = PBXGroup;
			children = (
				C6B87AE620F7692B0034615E /* LayoutAnchor */,
				C6B87AE520F7692B0034615E /* Products */,
			);
			sourceTree = "<group>";
		};
		C6B87AE520F7692B0034615E /* Products */ = {
			isa = PBXGroup;
			children = (
				C6B87AE420F7692B0034615E /* LayoutAnchor.app */,
			);
			name = Products;
			sourceTree = "<group>";
		};
		C6B87AE620F7692B0034615E /* LayoutAnchor */ = {
			isa = PBXGroup;
			children = (
				C6B87AE720F7692B0034615E /* AppDelegate.swift */,
				C6B87AE920F7692B0034615E /* ViewController.swift */,
				074D01DF20F88B9500628C48 /* ViewController1.swift */,
				074D020120F8C46700628C48 /* ViewController2.swift */,
				074D020320F8EC7100628C48 /* SpotifyProfileController.swift */,
				074D020520F909F800628C48 /* HeaderView.swift */,
				074D020720F90A0E00628C48 /* SegmentedView.swift */,
				074D022920F9B0B600628C48 /* TopMostView.swift */,
				074D022720F9AE1F00628C48 /* UIColor+Additions.swift */,
				C6B87AEE20F769370034615E /* Assets.xcassets */,
				C6B87AF020F769370034615E /* LaunchScreen.storyboard */,
				C6B87AF320F769370034615E /* Info.plist */,
			);
			path = LayoutAnchor;
			sourceTree = "<group>";
		};
/* End PBXGroup section */

/* Begin PBXNativeTarget section */
		C6B87AE320F7692B0034615E /* LayoutAnchor */ = {
			isa = PBXNativeTarget;
			buildConfigurationList = C6B87AF620F769380034615E /* Build configuration list for PBXNativeTarget "LayoutAnchor" */;
			buildPhases = (
				C6B87AE020F7692B0034615E /* Sources */,
				C6B87AE120F7692B0034615E /* Frameworks */,
				C6B87AE220F7692B0034615E /* Resources */,
			);
			buildRules = (
			);
			dependencies = (
			);
			name = LayoutAnchor;
			productName = LayoutAnchor;
			productReference = C6B87AE420F7692B0034615E /* LayoutAnchor.app */;
			productType = "com.apple.product-type.application";
		};
/* End PBXNativeTarget section */

/* Begin PBXProject section */
		C6B87ADC20F7692B0034615E /* Project object */ = {
			isa = PBXProject;
			attributes = {
				LastSwiftUpdateCheck = 0940;
				LastUpgradeCheck = 0940;
				ORGANIZATIONNAME = DrawRect;
				TargetAttributes = {
					C6B87AE320F7692B0034615E = {
						CreatedOnToolsVersion = 9.4;
					};
				};
			};
			buildConfigurationList = C6B87ADF20F7692B0034615E /* Build configuration list for PBXProject "LayoutAnchor" */;
			compatibilityVersion = "Xcode 9.3";
			developmentRegion = en;
			hasScannedForEncodings = 0;
			knownRegions = (
				en,
				Base,
			);
			mainGroup = C6B87ADB20F7692B0034615E;
			productRefGroup = C6B87AE520F7692B0034615E /* Products */;
			projectDirPath = "";
			projectRoot = "";
			targets = (
				C6B87AE320F7692B0034615E /* LayoutAnchor */,
			);
		};
/* End PBXProject section */

/* Begin PBXResourcesBuildPhase section */
		C6B87AE220F7692B0034615E /* Resources */ = {
			isa = PBXResourcesBuildPhase;
			buildActionMask = 2147483647;
			files = (
				C6B87AF220F769370034615E /* LaunchScreen.storyboard in Resources */,
				C6B87AEF20F769370034615E /* Assets.xcassets in Resources */,
			);
			runOnlyForDeploymentPostprocessing = 0;
		};
/* End PBXResourcesBuildPhase section */

/* Begin PBXSourcesBuildPhase section */
		C6B87AE020F7692B0034615E /* Sources */ = {
			isa = PBXSourcesBuildPhase;
			buildActionMask = 2147483647;
			files = (
				074D020820F90A0E00628C48 /* SegmentedView.swift in Sources */,
				074D022820F9AE1F00628C48 /* UIColor+Additions.swift in Sources */,
				074D020420F8EC7100628C48 /* SpotifyProfileController.swift in Sources */,
				074D020620F909F800628C48 /* HeaderView.swift in Sources */,
				074D01E020F88B9600628C48 /* ViewController1.swift in Sources */,
				074D022A20F9B0B600628C48 /* TopMostView.swift in Sources */,
				074D020220F8C46700628C48 /* ViewController2.swift in Sources */,
				C6B87AEA20F7692B0034615E /* ViewController.swift in Sources */,
				C6B87AE820F7692B0034615E /* AppDelegate.swift in Sources */,
			);
			runOnlyForDeploymentPostprocessing = 0;
		};
/* End PBXSourcesBuildPhase section */

/* Begin PBXVariantGroup section */
		C6B87AF020F769370034615E /* LaunchScreen.storyboard */ = {
			isa = PBXVariantGroup;
			children = (
				C6B87AF120F769370034615E /* Base */,
			);
			name = LaunchScreen.storyboard;
			sourceTree = "<group>";
		};
/* End PBXVariantGroup section */

/* Begin XCBuildConfiguration section */
		C6B87AF420F769370034615E /* Debug */ = {
			isa = XCBuildConfiguration;
			buildSettings = {
				ALWAYS_SEARCH_USER_PATHS = NO;
				CLANG_ANALYZER_NONNULL = YES;
				CLANG_ANALYZER_NUMBER_OBJECT_CONVERSION = YES_AGGRESSIVE;
				CLANG_CXX_LANGUAGE_STANDARD = "gnu++14";
				CLANG_CXX_LIBRARY = "libc++";
				CLANG_ENABLE_MODULES = YES;
				CLANG_ENABLE_OBJC_ARC = YES;
				CLANG_ENABLE_OBJC_WEAK = YES;
				CLANG_WARN_BLOCK_CAPTURE_AUTORELEASING = YES;
				CLANG_WARN_BOOL_CONVERSION = YES;
				CLANG_WARN_COMMA = YES;
				CLANG_WARN_CONSTANT_CONVERSION = YES;
				CLANG_WARN_DEPRECATED_OBJC_IMPLEMENTATIONS = YES;
				CLANG_WARN_DIRECT_OBJC_ISA_USAGE = YES_ERROR;
				CLANG_WARN_DOCUMENTATION_COMMENTS = YES;
				CLANG_WARN_EMPTY_BODY = YES;
				CLANG_WARN_ENUM_CONVERSION = YES;
				CLANG_WARN_INFINITE_RECURSION = YES;
				CLANG_WARN_INT_CONVERSION = YES;
				CLANG_WARN_NON_LITERAL_NULL_CONVERSION = YES;
				CLANG_WARN_OBJC_IMPLICIT_RETAIN_SELF = YES;
				CLANG_WARN_OBJC_LITERAL_CONVERSION = YES;
				CLANG_WARN_OBJC_ROOT_CLASS = YES_ERROR;
				CLANG_WARN_RANGE_LOOP_ANALYSIS = YES;
				CLANG_WARN_STRICT_PROTOTYPES = YES;
				CLANG_WARN_SUSPICIOUS_MOVE = YES;
				CLANG_WARN_UNGUARDED_AVAILABILITY = YES_AGGRESSIVE;
				CLANG_WARN_UNREACHABLE_CODE = YES;
				CLANG_WARN__DUPLICATE_METHOD_MATCH = YES;
				CODE_SIGN_IDENTITY = "iPhone Developer";
				COPY_PHASE_STRIP = NO;
				DEBUG_INFORMATION_FORMAT = dwarf;
				ENABLE_STRICT_OBJC_MSGSEND = YES;
				ENABLE_TESTABILITY = YES;
				GCC_C_LANGUAGE_STANDARD = gnu11;
				GCC_DYNAMIC_NO_PIC = NO;
				GCC_NO_COMMON_BLOCKS = YES;
				GCC_OPTIMIZATION_LEVEL = 0;
				GCC_PREPROCESSOR_DEFINITIONS = (
					"DEBUG=1",
					"$(inherited)",
				);
				GCC_WARN_64_TO_32_BIT_CONVERSION = YES;
				GCC_WARN_ABOUT_RETURN_TYPE = YES_ERROR;
				GCC_WARN_UNDECLARED_SELECTOR = YES;
				GCC_WARN_UNINITIALIZED_AUTOS = YES_AGGRESSIVE;
				GCC_WARN_UNUSED_FUNCTION = YES;
				GCC_WARN_UNUSED_VARIABLE = YES;
				IPHONEOS_DEPLOYMENT_TARGET = 11.4;
				MTL_ENABLE_DEBUG_INFO = YES;
				ONLY_ACTIVE_ARCH = YES;
				SDKROOT = iphoneos;
				SWIFT_ACTIVE_COMPILATION_CONDITIONS = DEBUG;
				SWIFT_OPTIMIZATION_LEVEL = "-Onone";
			};
			name = Debug;
		};
		C6B87AF520F769380034615E /* Release */ = {
			isa = XCBuildConfiguration;
			buildSettings = {
				ALWAYS_SEARCH_USER_PATHS = NO;
				CLANG_ANALYZER_NONNULL = YES;
				CLANG_ANALYZER_NUMBER_OBJECT_CONVERSION = YES_AGGRESSIVE;
				CLANG_CXX_LANGUAGE_STANDARD = "gnu++14";
				CLANG_CXX_LIBRARY = "libc++";
				CLANG_ENABLE_MODULES = YES;
				CLANG_ENABLE_OBJC_ARC = YES;
				CLANG_ENABLE_OBJC_WEAK = YES;
				CLANG_WARN_BLOCK_CAPTURE_AUTORELEASING = YES;
				CLANG_WARN_BOOL_CONVERSION = YES;
				CLANG_WARN_COMMA = YES;
				CLANG_WARN_CONSTANT_CONVERSION = YES;
				CLANG_WARN_DEPRECATED_OBJC_IMPLEMENTATIONS = YES;
				CLANG_WARN_DIRECT_OBJC_ISA_USAGE = YES_ERROR;
				CLANG_WARN_DOCUMENTATION_COMMENTS = YES;
				CLANG_WARN_EMPTY_BODY = YES;
				CLANG_WARN_ENUM_CONVERSION = YES;
				CLANG_WARN_INFINITE_RECURSION = YES;
				CLANG_WARN_INT_CONVERSION = YES;
				CLANG_WARN_NON_LITERAL_NULL_CONVERSION = YES;
				CLANG_WARN_OBJC_IMPLICIT_RETAIN_SELF = YES;
				CLANG_WARN_OBJC_LITERAL_CONVERSION = YES;
				CLANG_WARN_OBJC_ROOT_CLASS = YES_ERROR;
				CLANG_WARN_RANGE_LOOP_ANALYSIS = YES;
				CLANG_WARN_STRICT_PROTOTYPES = YES;
				CLANG_WARN_SUSPICIOUS_MOVE = YES;
				CLANG_WARN_UNGUARDED_AVAILABILITY = YES_AGGRESSIVE;
				CLANG_WARN_UNREACHABLE_CODE = YES;
				CLANG_WARN__DUPLICATE_METHOD_MATCH = YES;
				CODE_SIGN_IDENTITY = "iPhone Developer";
				COPY_PHASE_STRIP = NO;
				DEBUG_INFORMATION_FORMAT = "dwarf-with-dsym";
				ENABLE_NS_ASSERTIONS = NO;
				ENABLE_STRICT_OBJC_MSGSEND = YES;
				GCC_C_LANGUAGE_STANDARD = gnu11;
				GCC_NO_COMMON_BLOCKS = YES;
				GCC_WARN_64_TO_32_BIT_CONVERSION = YES;
				GCC_WARN_ABOUT_RETURN_TYPE = YES_ERROR;
				GCC_WARN_UNDECLARED_SELECTOR = YES;
				GCC_WARN_UNINITIALIZED_AUTOS = YES_AGGRESSIVE;
				GCC_WARN_UNUSED_FUNCTION = YES;
				GCC_WARN_UNUSED_VARIABLE = YES;
				IPHONEOS_DEPLOYMENT_TARGET = 11.4;
				MTL_ENABLE_DEBUG_INFO = NO;
				SDKROOT = iphoneos;
				SWIFT_COMPILATION_MODE = wholemodule;
				SWIFT_OPTIMIZATION_LEVEL = "-O";
				VALIDATE_PRODUCT = YES;
			};
			name = Release;
		};
		C6B87AF720F769380034615E /* Debug */ = {
			isa = XCBuildConfiguration;
			buildSettings = {
				ASSETCATALOG_COMPILER_APPICON_NAME = AppIcon;
				CODE_SIGN_STYLE = Automatic;
				DEVELOPMENT_TEAM = 35P9S7STBV;
				INFOPLIST_FILE = LayoutAnchor/Info.plist;
				LD_RUNPATH_SEARCH_PATHS = (
					"$(inherited)",
					"@executable_path/Frameworks",
				);
				PRODUCT_BUNDLE_IDENTIFIER = com.DrawRect.LayoutAnchor;
				PRODUCT_NAME = "$(TARGET_NAME)";
				SWIFT_VERSION = 4.0;
				TARGETED_DEVICE_FAMILY = "1,2";
			};
			name = Debug;
		};
		C6B87AF820F769380034615E /* Release */ = {
			isa = XCBuildConfiguration;
			buildSettings = {
				ASSETCATALOG_COMPILER_APPICON_NAME = AppIcon;
				CODE_SIGN_STYLE = Automatic;
				DEVELOPMENT_TEAM = 35P9S7STBV;
				INFOPLIST_FILE = LayoutAnchor/Info.plist;
				LD_RUNPATH_SEARCH_PATHS = (
					"$(inherited)",
					"@executable_path/Frameworks",
				);
				PRODUCT_BUNDLE_IDENTIFIER = com.DrawRect.LayoutAnchor;
				PRODUCT_NAME = "$(TARGET_NAME)";
				SWIFT_VERSION = 4.0;
				TARGETED_DEVICE_FAMILY = "1,2";
			};
			name = Release;
		};
/* End XCBuildConfiguration section */

/* Begin XCConfigurationList section */
		C6B87ADF20F7692B0034615E /* Build configuration list for PBXProject "LayoutAnchor" */ = {
			isa = XCConfigurationList;
			buildConfigurations = (
				C6B87AF420F769370034615E /* Debug */,
				C6B87AF520F769380034615E /* Release */,
			);
			defaultConfigurationIsVisible = 0;
			defaultConfigurationName = Release;
		};
		C6B87AF620F769380034615E /* Build configuration list for PBXNativeTarget "LayoutAnchor" */ = {
			isa = XCConfigurationList;
			buildConfigurations = (
				C6B87AF720F769380034615E /* Debug */,
				C6B87AF820F769380034615E /* Release */,
			);
			defaultConfigurationIsVisible = 0;
			defaultConfigurationName = Release;
		};
/* End XCConfigurationList section */
	};
	rootObject = C6B87ADC20F7692B0034615E /* Project object */;
}
